
Microsoft Visual Studio Solution File, Format Version 12.00
# Visual Studio Version 16
VisualStudioVersion = 16.0.30804.86
MinimumVisualStudioVersion = 10.0.40219.1
Project("{FAE04EC0-301F-11D3-BF4B-00C04F79EFBC}") = "pionetPages", "pionetPages.csproj", "{C944AFD4-D73C-4ADD-AC0B-6D3608454052}"
EndProject
Global
	GlobalSection(SolutionConfigurationPlatforms) = preSolution
		Debug|Any CPU = Debug|Any CPU
		Release|Any CPU = Release|Any CPU
	EndGlobalSection
	GlobalSection(ProjectConfigurationPlatforms) = postSolution
		{C944AFD4-D73C-4ADD-AC0B-6D3608454052}.Debug|Any CPU.ActiveCfg = Debug|Any CPU
		{C944AFD4-D73C-4ADD-AC0B-6D3608454052}.Debug|Any CPU.Build.0 = Debug|Any CPU
		{C944AFD4-D73C-4ADD-AC0B-6D3608454052}.Release|Any CPU.ActiveCfg = Release|Any CPU
		{C944AFD4-D73C-4ADD-AC0B-6D3608454052}.Release|Any CPU.Build.0 = Release|Any CPU
	EndGlobalSection
	GlobalSection(SolutionProperties) = preSolution
		HideSolutionNode = FALSE
	EndGlobalSection
	GlobalSection(ExtensibilityGlobals) = postSolution
		SolutionGuid = {5E067562-9B7F-4F51-BCA3-691E6A2BB55B}
	EndGlobalSection
EndGlobal
